# THIS IS AN AUTOGENERATED FILE. DO NOT EDIT THIS FILE DIRECTLY.
# yarn lockfile v1


"@playwright/test@^1.47.2":
  version "1.47.2"
  resolved "https://registry.npmjs.org/@playwright/test/-/test-1.47.2.tgz"
  integrity sha512-jTXRsoSPONAs8Za9QEQdyjFn+0ZQFjCiIztAIF6bi1HqhBzG9Ma7g1WotyiGqFSBRZjIEqMdT8RUlbk1QVhzCQ==
  dependencies:
    playwright "1.47.2"

"@types/combinations@^1.0.2":
  version "1.0.2"
  resolved "https://registry.npmjs.org/@types/combinations/-/combinations-1.0.2.tgz"
  integrity sha512-gxlk08XORUpWGiDJLmMLmP0LvWPoczbDkIQ6LfjTZcgXQFH5u9VrcWYQ/beyG+QtNGI9W4RKAXYiDpAwPWhFcw==

"@types/node@^22.7.5":
  version "22.7.5"
  resolved "https://registry.npmjs.org/@types/node/-/node-22.7.5.tgz"
  integrity sha512-jML7s2NAzMWc//QSJ1a3prpk78cOPchGvXJsC3C6R6PSMoooztvRVQEz89gmBTBY1SPMaqo5teB4uNHPdetShQ==
  dependencies:
    undici-types "~6.19.2"

argparse@^2.0.1:
  version "2.0.1"
  resolved "https://registry.npmjs.org/argparse/-/argparse-2.0.1.tgz"
  integrity sha512-8+9WqebbFzpX9OR+Wa6O29asIogeRMzcGtAINdpMHHyAg10f05aSFVBbcEqGf/PXw1EjAZ+q2/bEBg3DvurK3Q==

astronomia@^4.1.0, astronomia@^4.1.1:
  version "4.1.1"
  resolved "https://registry.npmjs.org/astronomia/-/astronomia-4.1.1.tgz"
  integrity sha512-TcJD9lUC5eAo0/Ji7rnQauX/yQbi0yZWM+JsNr77W3OA5fsrgvuFgubLMFwfw4VlZ29cu9dG/yfJbfvuTSftjg==

caldate@^2.0.5:
  version "2.0.5"
  resolved "https://registry.npmjs.org/caldate/-/caldate-2.0.5.tgz"
  integrity sha512-JndhrUuDuE975KUhFqJaVR1OQkCHZqpOrJur/CFXEIEhWhBMjxO85cRSK8q4FW+B+yyPq6GYua2u4KvNzTcq0w==
  dependencies:
    moment-timezone "^0.5.43"

combinations@^1.0.0:
  version "1.0.0"
  resolved "https://registry.npmjs.org/combinations/-/combinations-1.0.0.tgz"
  integrity sha512-aVgTfI/dewHblSn4gF+NZHvS7wtwg9YAPF2EknHMdH+xLsXLLIMpmHkSj64Zxs/R2m9VAAgn3bENjssrn7V4vQ==

date-bengali-revised@^2.0.2:
  version "2.0.2"
  resolved "https://registry.npmjs.org/date-bengali-revised/-/date-bengali-revised-2.0.2.tgz"
  integrity sha512-q9iDru4+TSA9k4zfm0CFHJj6nBsxP7AYgWC/qodK/i7oOIlj5K2z5IcQDtESfs/Qwqt/xJYaP86tkazd/vRptg==

date-chinese@^2.1.4:
  version "2.1.4"
  resolved "https://registry.npmjs.org/date-chinese/-/date-chinese-2.1.4.tgz"
  integrity sha512-WY+6+Qw92ZGWFvGtStmNQHEYpNa87b8IAQ5T8VKt4wqrn24lBXyyBnWI5jAIyy7h/KVwJZ06bD8l/b7yss82Ww==
  dependencies:
    astronomia "^4.1.0"

date-easter@^1.0.2:
  version "1.0.3"
  resolved "https://registry.npmjs.org/date-easter/-/date-easter-1.0.3.tgz"
  integrity sha512-aOViyIgpM4W0OWUiLqivznwTtuMlD/rdUWhc5IatYnplhPiWrLv75cnifaKYhmQwUBLAMWLNG4/9mlLIbXoGBQ==

date-fns@^4.1.0:
  version "4.1.0"
  resolved "https://registry.npmjs.org/date-fns/-/date-fns-4.1.0.tgz"
  integrity sha512-Ukq0owbQXxa/U3EGtsdVBkR1w7KOQ5gIBqdH2hkvknzZPYvBxb/aa6E8L7tmjFtkwZBu3UXBbjIgPo/Ez4xaNg==

date-holidays-parser@^3.4.4:
  version "3.4.4"
  resolved "https://registry.npmjs.org/date-holidays-parser/-/date-holidays-parser-3.4.4.tgz"
  integrity sha512-R5aO4oT8H51ZKdvApqHrqYEiNBrqT6tRj2PFXNcZfqMI4nxY7KKKly0ZsmquR5gY+x9ldKR8SAMdozzIInaoXg==
  dependencies:
    astronomia "^4.1.1"
    caldate "^2.0.5"
    date-bengali-revised "^2.0.2"
    date-chinese "^2.1.4"
    date-easter "^1.0.2"
    deepmerge "^4.3.1"
    jalaali-js "^1.2.6"
    moment-timezone "^0.5.43"

date-holidays@^3.23.12:
  version "3.23.12"
  resolved "https://registry.npmjs.org/date-holidays/-/date-holidays-3.23.12.tgz"
  integrity sha512-DLyP0PPVgNydgaTAY7SBS26+5h3KO1Z8FRKiAROkz0hAGNBLGAM48SMabfVa2ACRHH7Qw3LXYvlJkt9oa9WePA==
  dependencies:
    date-holidays-parser "^3.4.4"
    js-yaml "^4.1.0"
    lodash "^4.17.21"
    prepin "^1.0.3"

deepmerge@^4.3.1:
  version "4.3.1"
  resolved "https://registry.npmjs.org/deepmerge/-/deepmerge-4.3.1.tgz"
  integrity sha512-3sUqbMEc77XqpdNO7FRyRog+eW3ph+GYCbj+rK+uYyRMuwsVy0rMiVtPn+QJlKFvWP/1PYpapqYn0Me2knFn+A==

dotenv@^16.4.5:
  version "16.4.5"
  resolved "https://registry.npmjs.org/dotenv/-/dotenv-16.4.5.tgz"
  integrity sha512-ZmdL2rui+eB2YwhsWzjInR8LldtZHGDoQ1ugH85ppHKwpUHL7j7rN0Ti9NCnGiQbhaZ11FpR+7ao1dNsmduNUg==

jalaali-js@^1.2.6:
  version "1.2.7"
  resolved "https://registry.npmjs.org/jalaali-js/-/jalaali-js-1.2.7.tgz"
  integrity sha512-gE+YHWSbygYAoJa+Xg8LWxGILqFOxZSBQQw39ghel01fVFUxV7bjL0x1JFsHcLQ3uPjvn81HQMa+kxwyPWnxGQ==

js-yaml@^4.1.0:
  version "4.1.0"
  resolved "https://registry.npmjs.org/js-yaml/-/js-yaml-4.1.0.tgz"
  integrity sha512-wpxZs9NoxZaJESJGIZTyDEaYpl0FKSA+FB9aJiyemKhMwkxQg63h4T1KJgUGHpTqPDNRcmmYLugrRjJlBtWvRA==
  dependencies:
    argparse "^2.0.1"

lodash@^4.17.21:
  version "4.17.21"
  resolved "https://registry.npmjs.org/lodash/-/lodash-4.17.21.tgz"
  integrity sha512-v2kDEe57lecTulaDIuNTPy3Ry4gLGJ6Z1O3vE1krgXZNrsQ+LFTGHVxVjcXPs17LhbZVGedAJv8XZ1tvj5FvSg==

moment-timezone@^0.5.43:
  version "0.5.46"
  resolved "https://registry.npmjs.org/moment-timezone/-/moment-timezone-0.5.46.tgz"
  integrity sha512-ZXm9b36esbe7OmdABqIWJuBBiLLwAjrN7CE+7sYdCCx82Nabt1wHDj8TVseS59QIlfFPbOoiBPm6ca9BioG4hw==
  dependencies:
    moment "^2.29.4"

moment@^2.29.4:
  version "2.30.1"
  resolved "https://registry.npmjs.org/moment/-/moment-2.30.1.tgz"
  integrity sha512-uEmtNhbDOrWPFS+hdjFCBfy9f2YoyzRpwcl+DqpC6taX21FzsTLQVbMV/W7PzNSX6x/bhC1zA3c2UQ5NzH6how==

pg-cloudflare@^1.1.1:
  version "1.1.1"
  resolved "https://registry.npmjs.org/pg-cloudflare/-/pg-cloudflare-1.1.1.tgz"
  integrity sha512-xWPagP/4B6BgFO+EKz3JONXv3YDgvkbVrGw2mTo3D6tVDQRh1e7cqVGvyR3BE+eQgAvx1XhW/iEASj4/jCWl3Q==

pg-connection-string@^2.7.0:
  version "2.7.0"
  resolved "https://registry.npmjs.org/pg-connection-string/-/pg-connection-string-2.7.0.tgz"
  integrity sha512-PI2W9mv53rXJQEOb8xNR8lH7Hr+EKa6oJa38zsK0S/ky2er16ios1wLKhZyxzD7jUReiWokc9WK5nxSnC7W1TA==

pg-int8@1.0.1:
  version "1.0.1"
  resolved "https://registry.npmjs.org/pg-int8/-/pg-int8-1.0.1.tgz"
  integrity sha512-WCtabS6t3c8SkpDBUlb1kjOs7l66xsGdKpIPZsg4wR+B3+u9UAum2odSsF9tnvxg80h4ZxLWMy4pRjOsFIqQpw==

pg-pool@^3.7.0:
  version "3.7.0"
  resolved "https://registry.npmjs.org/pg-pool/-/pg-pool-3.7.0.tgz"
  integrity sha512-ZOBQForurqh4zZWjrgSwwAtzJ7QiRX0ovFkZr2klsen3Nm0aoh33Ls0fzfv3imeH/nw/O27cjdz5kzYJfeGp/g==

pg-protocol@^1.7.0:
  version "1.7.0"
  resolved "https://registry.npmjs.org/pg-protocol/-/pg-protocol-1.7.0.tgz"
  integrity sha512-hTK/mE36i8fDDhgDFjy6xNOG+LCorxLG3WO17tku+ij6sVHXh1jQUJ8hYAnRhNla4QVD2H8er/FOjc/+EgC6yQ==

pg-types@^2.1.0:
  version "2.2.0"
  resolved "https://registry.npmjs.org/pg-types/-/pg-types-2.2.0.tgz"
  integrity sha512-qTAAlrEsl8s4OiEQY69wDvcMIdQN6wdz5ojQiOy6YRMuynxenON0O5oCpJI6lshc6scgAY8qvJ2On/p+CXY0GA==
  dependencies:
    pg-int8 "1.0.1"
    postgres-array "~2.0.0"
    postgres-bytea "~1.0.0"
    postgres-date "~1.0.4"
    postgres-interval "^1.1.0"

pg@^8.13.0, pg@>=8.0:
  version "8.13.0"
  resolved "https://registry.npmjs.org/pg/-/pg-8.13.0.tgz"
  integrity sha512-34wkUTh3SxTClfoHB3pQ7bIMvw9dpFU1audQQeZG837fmHfHpr14n/AELVDoOYVDW2h5RDWU78tFjkD+erSBsw==
  dependencies:
    pg-connection-string "^2.7.0"
    pg-pool "^3.7.0"
    pg-protocol "^1.7.0"
    pg-types "^2.1.0"
    pgpass "1.x"
  optionalDependencies:
    pg-cloudflare "^1.1.1"

pgpass@1.x:
  version "1.0.5"
  resolved "https://registry.npmjs.org/pgpass/-/pgpass-1.0.5.tgz"
  integrity sha512-FdW9r/jQZhSeohs1Z3sI1yxFQNFvMcnmfuj4WBMUTxOrAyLMaTcE1aAMBiTlbMNaXvBCQuVi0R7hd8udDSP7ug==
  dependencies:
    split2 "^4.1.0"

playwright-core@1.47.2:
  version "1.47.2"
  resolved "https://registry.npmjs.org/playwright-core/-/playwright-core-1.47.2.tgz"
  integrity sha512-3JvMfF+9LJfe16l7AbSmU555PaTl2tPyQsVInqm3id16pdDfvZ8TTZ/pyzmkbDrZTQefyzU7AIHlZqQnxpqHVQ==

playwright@1.47.2:
  version "1.47.2"
  resolved "https://registry.npmjs.org/playwright/-/playwright-1.47.2.tgz"
  integrity sha512-nx1cLMmQWqmA3UsnjaaokyoUpdVaaDhJhMoxX2qj3McpjnsqFHs516QAKYhqHAgOP+oCFTEOCOAaD1RgD/RQfA==
  dependencies:
    playwright-core "1.47.2"
  optionalDependencies:
    fsevents "2.3.2"

postgres-array@~2.0.0:
  version "2.0.0"
  resolved "https://registry.npmjs.org/postgres-array/-/postgres-array-2.0.0.tgz"
  integrity sha512-VpZrUqU5A69eQyW2c5CA1jtLecCsN2U/bD6VilrFDWq5+5UIEVO7nazS3TEcHf1zuPYO/sqGvUvW62g86RXZuA==

postgres-bytea@~1.0.0:
  version "1.0.0"
  resolved "https://registry.npmjs.org/postgres-bytea/-/postgres-bytea-1.0.0.tgz"
  integrity sha512-xy3pmLuQqRBZBXDULy7KbaitYqLcmxigw14Q5sj8QBVLqEwXfeybIKVWiqAXTlcvdvb0+xkOtDbfQMOf4lST1w==

postgres-date@~1.0.4:
  version "1.0.7"
  resolved "https://registry.npmjs.org/postgres-date/-/postgres-date-1.0.7.tgz"
  integrity sha512-suDmjLVQg78nMK2UZ454hAG+OAW+HQPZ6n++TNDUX+L0+uUlLywnoxJKDou51Zm+zTCjrCl0Nq6J9C5hP9vK/Q==

postgres-interval@^1.1.0:
  version "1.2.0"
  resolved "https://registry.npmjs.org/postgres-interval/-/postgres-interval-1.2.0.tgz"
  integrity sha512-9ZhXKM/rw350N1ovuWHbGxnGh/SNJ4cnxHiM0rxE4VN41wsg8P8zWn9hv/buK00RP4WvlOyr/RBDiptyxVbkZQ==
  dependencies:
    xtend "^4.0.0"

prepin@^1.0.3:
  version "1.0.3"
  resolved "https://registry.npmjs.org/prepin/-/prepin-1.0.3.tgz"
  integrity sha512-0XL2hreherEEvUy0fiaGEfN/ioXFV+JpImqIzQjxk6iBg4jQ2ARKqvC4+BmRD8w/pnpD+lbxvh0Ub+z7yBEjvA==

split2@^4.1.0:
  version "4.2.0"
  resolved "https://registry.npmjs.org/split2/-/split2-4.2.0.tgz"
  integrity sha512-UcjcJOWknrNkF6PLX83qcHM6KHgVKNkV62Y8a5uYDVv9ydGQVwAHMKqHdJje1VTWpljG0WYpCDhrCdAOYH4TWg==

undici-types@~6.19.2:
  version "6.19.8"
  resolved "https://registry.npmjs.org/undici-types/-/undici-types-6.19.8.tgz"
  integrity sha512-ve2KP6f/JnbPBFyobGHuerC9g1FYGn/F8n1LWTwNxCEzd6IfqTwUQcNXgEtmmQ6DlRrC1hrSrBnCZPokRrDHjw==

xtend@^4.0.0:
  version "4.0.2"
  resolved "https://registry.npmjs.org/xtend/-/xtend-4.0.2.tgz"
  integrity sha512-LKYU1iAXJXUgAXn9URjiu+MWhyUXHsvfp7mcuYm9dSUKK0/CjtrUwFAxD82/mCWbtLsGjFIad0wIsod4zrTAEQ==
